
Microsoft Visual Studio Solution File, Format Version 12.00
# Visual Studio Version 17
VisualStudioVersion = 17.2.32630.192
MinimumVisualStudioVersion = 10.0.40219.1
Project("{FAE04EC0-301F-11D3-BF4B-00C04F79EFBC}") = "Task_3.1", "Task_3.1\Task_3.1.csproj", "{FA77C516-76DA-45B4-8C1D-B03AC2405449}"
EndProject
Global
	GlobalSection(SolutionConfigurationPlatforms) = preSolution
		Debug|Any CPU = Debug|Any CPU
		Release|Any CPU = Release|Any CPU
	EndGlobalSection
	GlobalSection(ProjectConfigurationPlatforms) = postSolution
		{FA77C516-76DA-45B4-8C1D-B03AC2405449}.Debug|Any CPU.ActiveCfg = Debug|Any CPU
		{FA77C516-76DA-45B4-8C1D-B03AC2405449}.Debug|Any CPU.Build.0 = Debug|Any CPU
		{FA77C516-76DA-45B4-8C1D-B03AC2405449}.Release|Any CPU.ActiveCfg = Release|Any CPU
		{FA77C516-76DA-45B4-8C1D-B03AC2405449}.Release|Any CPU.Build.0 = Release|Any CPU
	EndGlobalSection
	GlobalSection(SolutionProperties) = preSolution
		HideSolutionNode = FALSE
	EndGlobalSection
	GlobalSection(ExtensibilityGlobals) = postSolution
		SolutionGuid = {C56525DE-0149-4F07-85B1-F23E8AF45392}
	EndGlobalSection
EndGlobal
